
Microsoft Visual Studio Solution File, Format Version 11.00
# Visual Studio 2010
Project("{FAE04EC0-301F-11D3-BF4B-00C04F79EFBC}") = "RegMaster.Data", "RegMaster.Data\RegMaster.Data.csproj", "{0753B655-A217-4F99-8758-C30D8E9AA4A7}"
EndProject
Project("{FAE04EC0-301F-11D3-BF4B-00C04F79EFBC}") = "RegMaster.Services", "RegMaster.Services\RegMaster.Services.csproj", "{EF848B0D-866C-47CF-9773-710484DDBD1D}"
EndProject
Project("{FAE04EC0-301F-11D3-BF4B-00C04F79EFBC}") = "RegMaster.Tests", "RegMaster.Tests\RegMaster.Tests.csproj", "{C2FB4C27-A791-43E6-AFB4-7A56F0AE60C3}"
EndProject
Project("{2150E333-8FDC-42A3-9474-1A3956D46DE8}") = "Solution Items", "Solution Items", "{F6E5D3FA-DF35-4AC2-BCA8-AD23B83CF29B}"
	ProjectSection(SolutionItems) = preProject
		Local.testsettings = Local.testsettings
		RegMaster.vsmdi = RegMaster.vsmdi
		TraceAndTestImpact.testsettings = TraceAndTestImpact.testsettings
	EndProjectSection
EndProject
Project("{FAE04EC0-301F-11D3-BF4B-00C04F79EFBC}") = "RegMaster.Web", "RegMaster.Web\RegMaster.Web.csproj", "{98FE8228-A260-40C6-A843-14428395533A}"
EndProject
Global
	GlobalSection(SubversionScc) = preSolution
		Svn-Managed = True
		Manager = AnkhSVN - Subversion Support for Visual Studio
	EndGlobalSection
	GlobalSection(TestCaseManagementSettings) = postSolution
		CategoryFile = RegMaster.vsmdi
	EndGlobalSection
	GlobalSection(SolutionConfigurationPlatforms) = preSolution
		Debug|Any CPU = Debug|Any CPU
		Release|Any CPU = Release|Any CPU
	EndGlobalSection
	GlobalSection(ProjectConfigurationPlatforms) = postSolution
		{0753B655-A217-4F99-8758-C30D8E9AA4A7}.Debug|Any CPU.ActiveCfg = Debug|Any CPU
		{0753B655-A217-4F99-8758-C30D8E9AA4A7}.Debug|Any CPU.Build.0 = Debug|Any CPU
		{0753B655-A217-4F99-8758-C30D8E9AA4A7}.Release|Any CPU.ActiveCfg = Release|Any CPU
		{0753B655-A217-4F99-8758-C30D8E9AA4A7}.Release|Any CPU.Build.0 = Release|Any CPU
		{EF848B0D-866C-47CF-9773-710484DDBD1D}.Debug|Any CPU.ActiveCfg = Debug|Any CPU
		{EF848B0D-866C-47CF-9773-710484DDBD1D}.Debug|Any CPU.Build.0 = Debug|Any CPU
		{EF848B0D-866C-47CF-9773-710484DDBD1D}.Release|Any CPU.ActiveCfg = Release|Any CPU
		{EF848B0D-866C-47CF-9773-710484DDBD1D}.Release|Any CPU.Build.0 = Release|Any CPU
		{C2FB4C27-A791-43E6-AFB4-7A56F0AE60C3}.Debug|Any CPU.ActiveCfg = Debug|Any CPU
		{C2FB4C27-A791-43E6-AFB4-7A56F0AE60C3}.Debug|Any CPU.Build.0 = Debug|Any CPU
		{C2FB4C27-A791-43E6-AFB4-7A56F0AE60C3}.Release|Any CPU.ActiveCfg = Release|Any CPU
		{C2FB4C27-A791-43E6-AFB4-7A56F0AE60C3}.Release|Any CPU.Build.0 = Release|Any CPU
		{98FE8228-A260-40C6-A843-14428395533A}.Debug|Any CPU.ActiveCfg = Debug|Any CPU
		{98FE8228-A260-40C6-A843-14428395533A}.Debug|Any CPU.Build.0 = Debug|Any CPU
		{98FE8228-A260-40C6-A843-14428395533A}.Release|Any CPU.ActiveCfg = Release|Any CPU
		{98FE8228-A260-40C6-A843-14428395533A}.Release|Any CPU.Build.0 = Release|Any CPU
	EndGlobalSection
	GlobalSection(SolutionProperties) = preSolution
		HideSolutionNode = FALSE
	EndGlobalSection
EndGlobal
