
Microsoft Visual Studio Solution File, Format Version 11.00
# Visual Studio 2010
Project("{FAE04EC0-301F-11D3-BF4B-00C04F79EFBC}") = "gameWikiQuery", "app_1\gameWikiQuery.csproj", "{3BF838F5-F302-4B5D-A2CB-12394E029FE5}"
EndProject
Project("{FAE04EC0-301F-11D3-BF4B-00C04F79EFBC}") = "gameWikiQuery.Tests", "TestProject1\gameWikiQuery.Tests.csproj", "{DD5DEB7D-D813-493F-A98C-5958B693539E}"
EndProject
Project("{2150E333-8FDC-42A3-9474-1A3956D46DE8}") = "Solution Items", "Solution Items", "{AD209963-8E75-4A36-B80E-7DB80EF79A08}"
	ProjectSection(SolutionItems) = preProject
		app_1.vsmdi = app_1.vsmdi
		Local.testsettings = Local.testsettings
		TraceAndTestImpact.testsettings = TraceAndTestImpact.testsettings
	EndProjectSection
EndProject
Global
	GlobalSection(TestCaseManagementSettings) = postSolution
		CategoryFile = app_1.vsmdi
	EndGlobalSection
	GlobalSection(SolutionConfigurationPlatforms) = preSolution
		Debug|Any CPU = Debug|Any CPU
		Debug|Mixed Platforms = Debug|Mixed Platforms
		Debug|x86 = Debug|x86
		Release|Any CPU = Release|Any CPU
		Release|Mixed Platforms = Release|Mixed Platforms
		Release|x86 = Release|x86
	EndGlobalSection
	GlobalSection(ProjectConfigurationPlatforms) = postSolution
		{3BF838F5-F302-4B5D-A2CB-12394E029FE5}.Debug|Any CPU.ActiveCfg = Debug|x86
		{3BF838F5-F302-4B5D-A2CB-12394E029FE5}.Debug|Mixed Platforms.ActiveCfg = Debug|x86
		{3BF838F5-F302-4B5D-A2CB-12394E029FE5}.Debug|Mixed Platforms.Build.0 = Debug|x86
		{3BF838F5-F302-4B5D-A2CB-12394E029FE5}.Debug|x86.ActiveCfg = Debug|x86
		{3BF838F5-F302-4B5D-A2CB-12394E029FE5}.Debug|x86.Build.0 = Debug|x86
		{3BF838F5-F302-4B5D-A2CB-12394E029FE5}.Release|Any CPU.ActiveCfg = Release|x86
		{3BF838F5-F302-4B5D-A2CB-12394E029FE5}.Release|Mixed Platforms.ActiveCfg = Release|x86
		{3BF838F5-F302-4B5D-A2CB-12394E029FE5}.Release|Mixed Platforms.Build.0 = Release|x86
		{3BF838F5-F302-4B5D-A2CB-12394E029FE5}.Release|x86.ActiveCfg = Release|x86
		{3BF838F5-F302-4B5D-A2CB-12394E029FE5}.Release|x86.Build.0 = Release|x86
		{DD5DEB7D-D813-493F-A98C-5958B693539E}.Debug|Any CPU.ActiveCfg = Debug|Any CPU
		{DD5DEB7D-D813-493F-A98C-5958B693539E}.Debug|Any CPU.Build.0 = Debug|Any CPU
		{DD5DEB7D-D813-493F-A98C-5958B693539E}.Debug|Mixed Platforms.ActiveCfg = Debug|Any CPU
		{DD5DEB7D-D813-493F-A98C-5958B693539E}.Debug|Mixed Platforms.Build.0 = Debug|Any CPU
		{DD5DEB7D-D813-493F-A98C-5958B693539E}.Debug|x86.ActiveCfg = Debug|Any CPU
		{DD5DEB7D-D813-493F-A98C-5958B693539E}.Release|Any CPU.ActiveCfg = Release|Any CPU
		{DD5DEB7D-D813-493F-A98C-5958B693539E}.Release|Any CPU.Build.0 = Release|Any CPU
		{DD5DEB7D-D813-493F-A98C-5958B693539E}.Release|Mixed Platforms.ActiveCfg = Release|Any CPU
		{DD5DEB7D-D813-493F-A98C-5958B693539E}.Release|Mixed Platforms.Build.0 = Release|Any CPU
		{DD5DEB7D-D813-493F-A98C-5958B693539E}.Release|x86.ActiveCfg = Release|Any CPU
	EndGlobalSection
	GlobalSection(SolutionProperties) = preSolution
		HideSolutionNode = FALSE
	EndGlobalSection
EndGlobal
