
Microsoft Visual Studio Solution File, Format Version 11.00
# Visual Studio 2010
Project("{FAE04EC0-301F-11D3-BF4B-00C04F79EFBC}") = "HelloCI.Web", "src\app\HelloCI.Web\HelloCI.Web.csproj", "{487F432F-4CD6-49FC-A4D2-1989353CF31C}"
EndProject
Project("{FAE04EC0-301F-11D3-BF4B-00C04F79EFBC}") = "HelloCI.Tests", "src\test\HelloCI.Tests\HelloCI.Tests.csproj", "{C6139592-6C30-41F5-8710-A0ABAA6140B9}"
EndProject
Project("{FAE04EC0-301F-11D3-BF4B-00C04F79EFBC}") = "HelloCI.Core", "src\app\HelloCI.Core\HelloCI.Core.csproj", "{3F0EBA13-80F5-41B0-8314-CB4B26D94D29}"
EndProject
Global
	GlobalSection(SolutionConfigurationPlatforms) = preSolution
		Debug|Any CPU = Debug|Any CPU
		Release|Any CPU = Release|Any CPU
	EndGlobalSection
	GlobalSection(ProjectConfigurationPlatforms) = postSolution
		{487F432F-4CD6-49FC-A4D2-1989353CF31C}.Debug|Any CPU.ActiveCfg = Debug|Any CPU
		{487F432F-4CD6-49FC-A4D2-1989353CF31C}.Debug|Any CPU.Build.0 = Debug|Any CPU
		{487F432F-4CD6-49FC-A4D2-1989353CF31C}.Release|Any CPU.ActiveCfg = Release|Any CPU
		{487F432F-4CD6-49FC-A4D2-1989353CF31C}.Release|Any CPU.Build.0 = Release|Any CPU
		{C6139592-6C30-41F5-8710-A0ABAA6140B9}.Debug|Any CPU.ActiveCfg = Debug|Any CPU
		{C6139592-6C30-41F5-8710-A0ABAA6140B9}.Debug|Any CPU.Build.0 = Debug|Any CPU
		{C6139592-6C30-41F5-8710-A0ABAA6140B9}.Release|Any CPU.ActiveCfg = Release|Any CPU
		{C6139592-6C30-41F5-8710-A0ABAA6140B9}.Release|Any CPU.Build.0 = Release|Any CPU
		{3F0EBA13-80F5-41B0-8314-CB4B26D94D29}.Debug|Any CPU.ActiveCfg = Debug|Any CPU
		{3F0EBA13-80F5-41B0-8314-CB4B26D94D29}.Debug|Any CPU.Build.0 = Debug|Any CPU
		{3F0EBA13-80F5-41B0-8314-CB4B26D94D29}.Release|Any CPU.ActiveCfg = Release|Any CPU
		{3F0EBA13-80F5-41B0-8314-CB4B26D94D29}.Release|Any CPU.Build.0 = Release|Any CPU
	EndGlobalSection
	GlobalSection(SolutionProperties) = preSolution
		HideSolutionNode = FALSE
	EndGlobalSection
EndGlobal
