
Microsoft Visual Studio Solution File, Format Version 11.00
# Visual Studio 2010
Project("{FAE04EC0-301F-11D3-BF4B-00C04F79EFBC}") = "alien_numbers", "alien_numbers\alien_numbers.csproj", "{0187C309-360F-4714-A9AF-CCC5DCFBDE8F}"
EndProject
Global
	GlobalSection(SubversionScc) = preSolution
		Svn-Managed = True
		Manager = AnkhSVN - Subversion Support for Visual Studio
	EndGlobalSection
	GlobalSection(SolutionConfigurationPlatforms) = preSolution
		Debug|x86 = Debug|x86
		Release|x86 = Release|x86
	EndGlobalSection
	GlobalSection(ProjectConfigurationPlatforms) = postSolution
		{0187C309-360F-4714-A9AF-CCC5DCFBDE8F}.Debug|x86.ActiveCfg = Debug|x86
		{0187C309-360F-4714-A9AF-CCC5DCFBDE8F}.Debug|x86.Build.0 = Debug|x86
		{0187C309-360F-4714-A9AF-CCC5DCFBDE8F}.Release|x86.ActiveCfg = Release|x86
		{0187C309-360F-4714-A9AF-CCC5DCFBDE8F}.Release|x86.Build.0 = Release|x86
	EndGlobalSection
	GlobalSection(SolutionProperties) = preSolution
		HideSolutionNode = FALSE
	EndGlobalSection
EndGlobal
