
Microsoft Visual Studio Solution File, Format Version 11.00
# Visual Studio 2010
Project("{FAE04EC0-301F-11D3-BF4B-00C04F79EFBC}") = "reactive", "reactive\reactive.csproj", "{35C25700-A3B2-4E51-8C39-76C610D7E3F2}"
EndProject
Project("{2150E333-8FDC-42A3-9474-1A3956D46DE8}") = ".nuget", ".nuget", "{FD2A3941-662E-4204-B79C-5247B93D29A4}"
	ProjectSection(SolutionItems) = preProject
		.nuget\packages.config = .nuget\packages.config
	EndProjectSection
EndProject
Global
	GlobalSection(SolutionConfigurationPlatforms) = preSolution
		Debug|x86 = Debug|x86
		Release|x86 = Release|x86
	EndGlobalSection
	GlobalSection(ProjectConfigurationPlatforms) = postSolution
		{35C25700-A3B2-4E51-8C39-76C610D7E3F2}.Debug|x86.ActiveCfg = Debug|x86
		{35C25700-A3B2-4E51-8C39-76C610D7E3F2}.Debug|x86.Build.0 = Debug|x86
		{35C25700-A3B2-4E51-8C39-76C610D7E3F2}.Release|x86.ActiveCfg = Release|x86
		{35C25700-A3B2-4E51-8C39-76C610D7E3F2}.Release|x86.Build.0 = Release|x86
	EndGlobalSection
	GlobalSection(SolutionProperties) = preSolution
		HideSolutionNode = FALSE
	EndGlobalSection
EndGlobal
